<?xml version="1.0" encoding="utf-8"?>
<Project ToolsVersion="4.0" xmlns="http://schemas.microsoft.com/developer/msbuild/2003">
  <ItemGroup>
    <Filter Include="Quelldateien">
      <UniqueIdentifier>{4FC737F1-C7A5-4376-A066-2A32D752A2FF}</UniqueIdentifier>
      <Extensions>cpp;c;cc;cxx;def;odl;idl;hpj;bat;asm;asmx</Extensions>
    </Filter>
    <Filter Include="Headerdateien">
      <UniqueIdentifier>{93995380-89BD-4b04-88EB-625FBE52EBFB}</UniqueIdentifier>
      <Extensions>h;hpp;hxx;hm;inl;inc;xsd</Extensions>
    </Filter>
    <Filter Include="Ressourcendateien">
      <UniqueIdentifier>{67DA6AB6-F800-4c08-8B7A-83BB121AAD01}</UniqueIdentifier>
      <Extensions>rc;ico;cur;bmp;dlg;rc2;rct;bin;rgs;gif;jpg;jpeg;jpe;resx;tiff;tif;png;wav;mfcribbon-ms</Extensions>
    </Filter>
  </ItemGroup>
  <ItemGroup>
    <ClInclude Include="..\RWTH_SMP.bd\inc\apwcncs.hpp">
      <Filter>Headerdateien</Filter>
    </ClInclude>
    <ClInclude Include="..\RWTH_SMP.bd\inc\ctmcncs.hpp">
      <Filter>Headerdateien</Filter>
    </ClInclude>
    <ClInclude Include="..\RWTH_SMP.bd\inc\ctpcncs.hpp">
      <Filter>Headerdateien</Filter>
    </ClInclude>
    <ClInclude Include="..\RWTH_SMP.bd\inc\IBF_axproflex.hpp">
      <Filter>Headerdateien</Filter>
    </ClInclude>
    <ClInclude Include="..\RWTH_SMP.bd\inc\IBF_dw_regelung.hpp">
      <Filter>Headerdateien</Filter>
    </ClInclude>
    <ClInclude Include="..\RWTH_SMP.bd\inc\IBF_formenspek.hpp">
      <Filter>Headerdateien</Filter>
    </ClInclude>
    <ClInclude Include="..\RWTH_SMP.bd\inc\IBF_radflex.hpp">
      <Filter>Headerdateien</Filter>
    </ClInclude>
    <ClInclude Include="..\RWTH_SMP.bd\inc\IBF_struct.hpp">
      <Filter>Headerdateien</Filter>
    </ClInclude>
    <ClInclude Include="..\RWTH_SMP.bd\inc\IBF_stuetz.hpp">
      <Filter>Headerdateien</Filter>
    </ClInclude>
    <ClInclude Include="..\RWTH_SMP.bd\inc\ibf_tool.hpp">
      <Filter>Headerdateien</Filter>
    </ClInclude>
    <ClInclude Include="..\RWTH_SMP.bd\inc\iniFile.h">
      <Filter>Headerdateien</Filter>
    </ClInclude>
    <ClInclude Include="..\RWTH_SMP.bd\inc\onli_cnc_s.hpp">
      <Filter>Headerdateien</Filter>
    </ClInclude>
    <ClInclude Include="..\RWTH_SMP.bd\inc\puff_cnc_s.hpp">
      <Filter>Headerdateien</Filter>
    </ClInclude>
    <ClInclude Include="..\RWTH_SMP.bd\inc\raw_t_cnc_s.hpp">
      <Filter>Headerdateien</Filter>
    </ClInclude>
    <ClInclude Include="..\RWTH_SMP.bd\inc\raw_t_pool.hpp">
      <Filter>Headerdateien</Filter>
    </ClInclude>
    <ClInclude Include="..\RWTH_SMP.bd\inc\rpw.hpp">
      <Filter>Headerdateien</Filter>
    </ClInclude>
    <ClInclude Include="..\RWTH_SMP.bd\inc\teso.hpp">
      <Filter>Headerdateien</Filter>
    </ClInclude>
    <ClInclude Include="..\RWTH_SMP.bd\inc\ufmcncs.hpp">
      <Filter>Headerdateien</Filter>
    </ClInclude>
    <ClInclude Include="..\RWTH_SMP.bd\inc\uftcncs.hpp">
      <Filter>Headerdateien</Filter>
    </ClInclude>
    <ClInclude Include="include\Documentation.h">
      <Filter>Headerdateien</Filter>
    </ClInclude>
    <ClInclude Include="..\RWTH_SMP.bd\inc\IBF_Schuessel.hpp">
      <Filter>Headerdateien</Filter>
    </ClInclude>
    <ClInclude Include="..\RWTH_SMP.bd\inc\ctmcnc.hpp">
      <Filter>Headerdateien</Filter>
    </ClInclude>
    <ClInclude Include="..\RWTH_SMP.bd\inc\raw_t_cnc.hpp">
      <Filter>Headerdateien</Filter>
    </ClInclude>
    <ClInclude Include="..\RWTH_SMP.bd\inc\IBF_Schuessel_ZR_pos.hpp">
      <Filter>Headerdateien</Filter>
    </ClInclude>
    <ClInclude Include="..\RWTH_SMP.bd\inc\IBF_Schuessel_DR_pos.hpp">
      <Filter>Headerdateien</Filter>
    </ClInclude>
    <ClInclude Include="..\RWTH_SMP.bd\inc\IBF_Geometrie_tool.hpp">
      <Filter>Headerdateien</Filter>
    </ClInclude>
    <ClInclude Include="..\RWTH_SMP.bd\inc\IBF_Schuessel_Form.hpp">
      <Filter>Headerdateien</Filter>
    </ClInclude>
    <ClInclude Include="include\Win_RWTH_EXCH.hpp">
      <Filter>Headerdateien</Filter>
    </ClInclude>
  </ItemGroup>
  <ItemGroup>
    <ClCompile Include="..\RWTH_SMP.bd\source\ibf_dw_regelung.cpp">
      <Filter>Quelldateien</Filter>
    </ClCompile>
    <ClCompile Include="..\RWTH_SMP.bd\source\ibf_flex_axial.cpp">
      <Filter>Quelldateien</Filter>
    </ClCompile>
    <ClCompile Include="..\RWTH_SMP.bd\source\ibf_flex_radial.cpp">
      <Filter>Quelldateien</Filter>
    </ClCompile>
    <ClCompile Include="..\RWTH_SMP.bd\source\ibf_flexibel_axial_AG_Pos.cpp">
      <Filter>Quelldateien</Filter>
    </ClCompile>
    <ClCompile Include="..\RWTH_SMP.bd\source\ibf_formspek.cpp">
      <Filter>Quelldateien</Filter>
    </ClCompile>
    <ClCompile Include="..\RWTH_SMP.bd\source\ibf_stuetz.cpp">
      <Filter>Quelldateien</Filter>
    </ClCompile>
    <ClCompile Include="..\RWTH_SMP.bd\source\ibf_tool.cpp">
      <Filter>Quelldateien</Filter>
    </ClCompile>
    <ClCompile Include="..\RWTH_SMP.bd\source\iniFile.cpp">
      <Filter>Quelldateien</Filter>
    </ClCompile>
    <ClCompile Include="..\RWTH_SMP.bd\source\rpw.cpp">
      <Filter>Quelldateien</Filter>
    </ClCompile>
    <ClCompile Include="..\RWTH_SMP.bd\source\IBF_Schuessel.cpp">
      <Filter>Quelldateien</Filter>
    </ClCompile>
    <ClCompile Include="..\RWTH_SMP.bd\source\IBF_Schuessel_ZR_pos.cpp">
      <Filter>Quelldateien</Filter>
    </ClCompile>
    <ClCompile Include="..\RWTH_SMP.bd\source\IBF_Schuessel_DR_pos.cpp">
      <Filter>Quelldateien</Filter>
    </ClCompile>
    <ClCompile Include="..\RWTH_SMP.bd\source\IBF_Geometrie_tool.cpp">
      <Filter>Quelldateien</Filter>
    </ClCompile>
    <ClCompile Include="..\RWTH_SMP.bd\source\IBF_Schuessel_Form.cpp">
      <Filter>Quelldateien</Filter>
    </ClCompile>
    <ClCompile Include="source\Win_RWTH_EXCH.cpp">
      <Filter>Quelldateien</Filter>
    </ClCompile>
    <ClCompile Include="source\Win_Main.cpp">
      <Filter>Quelldateien</Filter>
    </ClCompile>
  </ItemGroup>
  <ItemGroup>
    <None Include="..\Debug\IBF_Data.ini">
      <Filter>Ressourcendateien</Filter>
    </None>
    <None Include="..\Debug\MASCHDAT.INI">
      <Filter>Ressourcendateien</Filter>
    </None>
    <None Include="..\Debug\IBF_Parameter.dat">
      <Filter>Ressourcendateien</Filter>
    </None>
  </ItemGroup>
</Project>